
Microsoft Visual Studio Solution File, Format Version 12.00
# Visual Studio Version 16
VisualStudioVersion = 16.0.30413.136
MinimumVisualStudioVersion = 10.0.40219.1
Project("{FAE04EC0-301F-11D3-BF4B-00C04F79EFBC}") = "Graphs", "Graphs.csproj", "{CD7233F6-A208-4F7F-A4E4-5C0E9E802CD8}"
EndProject
Global
	GlobalSection(SolutionConfigurationPlatforms) = preSolution
		Debug|Any CPU = Debug|Any CPU
		Release|Any CPU = Release|Any CPU
	EndGlobalSection
	GlobalSection(ProjectConfigurationPlatforms) = postSolution
		{CD7233F6-A208-4F7F-A4E4-5C0E9E802CD8}.Debug|Any CPU.ActiveCfg = Debug|Any CPU
		{CD7233F6-A208-4F7F-A4E4-5C0E9E802CD8}.Debug|Any CPU.Build.0 = Debug|Any CPU
		{CD7233F6-A208-4F7F-A4E4-5C0E9E802CD8}.Release|Any CPU.ActiveCfg = Release|Any CPU
		{CD7233F6-A208-4F7F-A4E4-5C0E9E802CD8}.Release|Any CPU.Build.0 = Release|Any CPU
	EndGlobalSection
	GlobalSection(SolutionProperties) = preSolution
		HideSolutionNode = FALSE
	EndGlobalSection
	GlobalSection(ExtensibilityGlobals) = postSolution
		SolutionGuid = {E72E6040-6088-49FA-B4F1-07B9C814D387}
	EndGlobalSection
EndGlobal
